{
    "_meta": {
        "hash": {
            "sha256": "38a56204a0c7d5bbd6e68f970f14113f1a17cc9864e300669803ebc2e61255bc"
        },
        "pipfile-spec": 6,
        "requires": {
            "python_version": "3.9"
        },
        "sources": [
            {
                "name": "pypi",
                "url": "https://pypi.org/simple",
                "verify_ssl": true
            }
        ]
    },
    "default": {
        "asgiref": {
            "hashes": [],
            "version": "==3.11.0"
        },
        "asttokens": {
            "hashes": [],
            "version": "==3.0.1"
        },
        "boto3": {
            "hashes": [],
            "version": "==1.42.21"
        },
        "botocore": {
            "hashes": [],
            "version": "==1.42.21"
        },
        "certifi": {
            "hashes": [],
            "version": "==2026.1.4"
        },
        "charset-normalizer": {
            "hashes": [],
            "version": "==3.4.4"
        },
        "codecov": {
            "hashes": [
                "sha256:2362b685633caeaf45b9951a9b76ce359cd3581dd515b430c6c3f5dfb4d92a8c",
                "sha256:7d2b16c1153d01579a89a94ff14f9dbeb63634ee79e18c11036f34e7de66cbc9",
                "sha256:c2ca5e51bba9ebb43644c43d0690148a55086f7f5e6fd36170858fa4206744d5"
            ],
            "index": "pypi",
            "version": "==2.1.13"
        },
        "collectfast": {
            "hashes": [
                "sha256:2f6abc8cab7ec5114a7a9a3660ab629ec142556957220aa82857dc9b4381490d",
                "sha256:e716b2234ab50b5f1010b0d78c3fae8c6aebdb8b7c66ef5568503c33c1a5e19a"
            ],
            "index": "pypi",
            "version": "==2.2.0"
        },
        "coverage": {
            "hashes": [],
            "version": "==7.13.1"
        },
        "decorator": {
            "hashes": [],
            "version": "==5.2.1"
        },
        "dj-database-url": {
            "hashes": [],
            "version": "==3.1.0"
        },
        "django": {
            "hashes": [],
            "version": "==6.0"
        },
        "django-debug-toolbar": {
            "hashes": [],
            "version": "==6.1.0"
        },
        "django-extensions": {
            "hashes": [],
            "version": "==4.1"
        },
        "django-ordered-model": {
            "hashes": [
                "sha256:dfcd3183fe0749dad1c9971cba1d6240ce7328742a30ddc92feca41107bb241d",
                "sha256:f258b9762525c00a53009e82f8b8bf2a3aa315e8b453e281e8fdbbfe2b8cb3ba"
            ],
            "index": "pypi",
            "version": "==3.7.4"
        },
        "django-s3-folder-storage": {
            "hashes": [
                "sha256:eb5fd3994726f5b87ddc0ea1a6f1af3f598f9d743127c27d6dae111d18a79abe"
            ],
            "index": "pypi",
            "version": "==0.5"
        },
        "django-storages": {
            "hashes": [],
            "version": "==1.14.6"
        },
        "exceptiongroup": {
            "hashes": [],
            "version": "==1.3.1"
        },
        "executing": {
            "hashes": [],
            "version": "==2.2.1"
        },
        "gunicorn": {
            "hashes": [],
            "version": "==23.0.0"
        },
        "idna": {
            "hashes": [],
            "version": "==3.11"
        },
        "iniconfig": {
            "hashes": [],
            "version": "==2.3.0"
        },
        "ipython": {
            "hashes": [],
            "version": "==9.9.0"
        },
        "jedi": {
            "hashes": [],
            "version": "==0.19.2"
        },
        "jmespath": {
            "hashes": [
                "sha256:02e2e4cc71b5bcab88332eebf907519190dd9e6e82107fa7f83b1003a6252980",
                "sha256:90261b206d6defd58fdd5e85f478bf633a2901798906be2ad389150c5c60edbe"
            ],
            "markers": "python_version >= '3.7'",
            "version": "==1.0.1"
        },
        "matplotlib-inline": {
            "hashes": [],
            "version": "==0.2.1"
        },
        "model-bakery": {
            "hashes": [],
            "version": "==1.21.0"
        },
        "packaging": {
            "hashes": [],
            "version": "==25.0"
        },
        "parso": {
            "hashes": [],
            "version": "==0.8.5"
        },
        "pexpect": {
            "hashes": [],
            "version": "==4.9.0"
        },
        "pluggy": {
            "hashes": [],
            "version": "==1.6.0"
        },
        "prompt-toolkit": {
            "hashes": [],
            "version": "==3.0.52"
        },
        "psycopg2-binary": {
            "hashes": [],
            "version": "==2.9.11"
        },
        "ptyprocess": {
            "hashes": [
                "sha256:4b41f3967fce3af57cc7e94b888626c18bf37a083e3651ca8feeb66d492fef35",
                "sha256:5c5d0a3b48ceee0b48485e0c26037c0acd7d29765ca3fbb5cb3831d347423220"
            ],
            "version": "==0.7.0"
        },
        "pure-eval": {
            "hashes": [],
            "version": "==0.2.3"
        },
        "pygments": {
            "hashes": [],
            "version": "==2.19.2"
        },
        "pytest": {
            "hashes": [],
            "version": "==9.0.2"
        },
        "pytest-django": {
            "hashes": [],
            "version": "==4.11.1"
        },
        "python-dateutil": {
            "hashes": [],
            "version": "==2.9.0.post0"
        },
        "python-decouple": {
            "hashes": [
                "sha256:ba6e2657d4f376ecc46f77a3a615e058d93ba5e465c01bbe57289bfb7cce680f",
                "sha256:d0d45340815b25f4de59c974b855bb38d03151d81b037d9e3f463b0c9f8cbd66"
            ],
            "index": "pypi",
            "version": "==3.8"
        },
        "requests": {
            "hashes": [],
            "version": "==2.32.5"
        },
        "s3transfer": {
            "hashes": [],
            "version": "==0.16.0"
        },
        "sentry-sdk": {
            "hashes": [],
            "version": "==2.48.0"
        },
        "six": {
            "hashes": [],
            "version": "==1.17.0"
        },
        "sqlparse": {
            "hashes": [],
            "version": "==0.5.5"
        },
        "stack-data": {
            "hashes": [
                "sha256:836a778de4fec4dcd1dcd89ed8abff8a221f58308462e1c4aa2a3cf30148f0b9",
                "sha256:d5558e0c25a4cb0853cddad3d77da9891a08cb85dd9f9f91b9f8cd66e511e695"
            ],
            "version": "==0.6.3"
        },
        "tomli": {
            "hashes": [],
            "version": "==2.3.0"
        },
        "traitlets": {
            "hashes": [],
            "version": "==5.14.3"
        },
        "typing-extensions": {
            "hashes": [],
            "version": "==4.15.0"
        },
        "urllib3": {
            "hashes": [],
            "version": "==2.6.2"
        },
        "wcwidth": {
            "hashes": [],
            "version": "==0.2.14"
        }
    },
    "develop": {
        "certifi": {
            "hashes": [],
            "version": "==2026.1.4"
        },
        "charset-normalizer": {
            "hashes": [],
            "version": "==3.4.4"
        },
        "codecov": {
            "hashes": [
                "sha256:2362b685633caeaf45b9951a9b76ce359cd3581dd515b430c6c3f5dfb4d92a8c",
                "sha256:7d2b16c1153d01579a89a94ff14f9dbeb63634ee79e18c11036f34e7de66cbc9",
                "sha256:c2ca5e51bba9ebb43644c43d0690148a55086f7f5e6fd36170858fa4206744d5"
            ],
            "index": "pypi",
            "version": "==2.1.13"
        },
        "coverage": {
            "hashes": [],
            "version": "==7.13.1"
        },
        "exceptiongroup": {
            "hashes": [],
            "version": "==1.3.1"
        },
        "flake8": {
            "hashes": [],
            "version": "==7.3.0"
        },
        "idna": {
            "hashes": [],
            "version": "==3.11"
        },
        "iniconfig": {
            "hashes": [],
            "version": "==2.3.0"
        },
        "mccabe": {
            "hashes": [
                "sha256:348e0240c33b60bbdf4e523192ef919f28cb2c3d7d5c7794f74009290f236325",
                "sha256:6c2d30ab6be0e4a46919781807b4f0d834ebdd6c6e3dca0bda5a15f863427b6e"
            ],
            "markers": "python_version >= '3.6'",
            "version": "==0.7.0"
        },
        "packaging": {
            "hashes": [],
            "version": "==25.0"
        },
        "pluggy": {
            "hashes": [],
            "version": "==1.6.0"
        },
        "psycopg2": {
            "hashes": [],
            "version": "==2.9.11"
        },
        "pycodestyle": {
            "hashes": [],
            "version": "==2.14.0"
        },
        "pyflakes": {
            "hashes": [],
            "version": "==3.4.0"
        },
        "pytest": {
            "hashes": [],
            "version": "==9.0.2"
        },
        "pytest-cov": {
            "hashes": [],
            "version": "==7.0.0"
        },
        "requests": {
            "hashes": [],
            "version": "==2.32.5"
        },
        "tomli": {
            "hashes": [],
            "version": "==2.3.0"
        },
        "urllib3": {
            "hashes": [],
            "version": "==2.6.2"
        }
    }
}
